Microsoft Visual Studio Solution File, Format Version 12.00
# Visual Studio Version 17
VisualStudioVersion = 17.5.2.0
MinimumVisualStudioVersion = 10.0.40219.1
Project("{FAE04EC0-301F-11D3-BF4B-00C04F79EFBC}") = "Par_Impar", "Par_Impar.csproj", "{EE2D2BD5-2621-CB92-99BE-0E90B7CD004B}"
EndProject
Global
	GlobalSection(SolutionConfigurationPlatforms) = preSolution
		Debug|Any CPU = Debug|Any CPU
		Release|Any CPU = Release|Any CPU
	EndGlobalSection
	GlobalSection(ProjectConfigurationPlatforms) = postSolution
		{EE2D2BD5-2621-CB92-99BE-0E90B7CD004B}.Debug|Any CPU.ActiveCfg = Debug|Any CPU
		{EE2D2BD5-2621-CB92-99BE-0E90B7CD004B}.Debug|Any CPU.Build.0 = Debug|Any CPU
		{EE2D2BD5-2621-CB92-99BE-0E90B7CD004B}.Release|Any CPU.ActiveCfg = Release|Any CPU
		{EE2D2BD5-2621-CB92-99BE-0E90B7CD004B}.Release|Any CPU.Build.0 = Release|Any CPU
	EndGlobalSection
	GlobalSection(SolutionProperties) = preSolution
		HideSolutionNode = FALSE
	EndGlobalSection
	GlobalSection(ExtensibilityGlobals) = postSolution
		SolutionGuid = {5686E7C7-FABC-4D60-BF67-CEE8F85CB01A}
	EndGlobalSection
EndGlobal
